
Microsoft Visual Studio Solution File, Format Version 12.00
# Visual Studio 15
VisualStudioVersion = 15.0.27703.2042
MinimumVisualStudioVersion = 10.0.40219.1
Project("{FAE04EC0-301F-11D3-BF4B-00C04F79EFBC}") = "SerialisationSender", "SerialisationSender\SerialisationSender.csproj", "{8A094BC9-4499-4733-9028-93A696E1171B}"
EndProject
Project("{FAE04EC0-301F-11D3-BF4B-00C04F79EFBC}") = "SerialisationReceiver", "SerialisationReceiver\SerialisationReceiver.csproj", "{655BE6F1-44FD-4FF0-BE99-A6F7DEEED72A}"
EndProject
Global
	GlobalSection(SolutionConfigurationPlatforms) = preSolution
		Debug|Any CPU = Debug|Any CPU
		Release|Any CPU = Release|Any CPU
	EndGlobalSection
	GlobalSection(ProjectConfigurationPlatforms) = postSolution
		{8A094BC9-4499-4733-9028-93A696E1171B}.Debug|Any CPU.ActiveCfg = Debug|Any CPU
		{8A094BC9-4499-4733-9028-93A696E1171B}.Debug|Any CPU.Build.0 = Debug|Any CPU
		{8A094BC9-4499-4733-9028-93A696E1171B}.Release|Any CPU.ActiveCfg = Release|Any CPU
		{8A094BC9-4499-4733-9028-93A696E1171B}.Release|Any CPU.Build.0 = Release|Any CPU
		{655BE6F1-44FD-4FF0-BE99-A6F7DEEED72A}.Debug|Any CPU.ActiveCfg = Debug|Any CPU
		{655BE6F1-44FD-4FF0-BE99-A6F7DEEED72A}.Debug|Any CPU.Build.0 = Debug|Any CPU
		{655BE6F1-44FD-4FF0-BE99-A6F7DEEED72A}.Release|Any CPU.ActiveCfg = Release|Any CPU
		{655BE6F1-44FD-4FF0-BE99-A6F7DEEED72A}.Release|Any CPU.Build.0 = Release|Any CPU
	EndGlobalSection
	GlobalSection(SolutionProperties) = preSolution
		HideSolutionNode = FALSE
	EndGlobalSection
	GlobalSection(ExtensibilityGlobals) = postSolution
		SolutionGuid = {1A5246DA-279C-434A-9117-BC3A4CCAF591}
	EndGlobalSection
EndGlobal
